# generated by rye
# use `rye lock` or `rye sync` to update this lockfile
#
# last locked with the following flags:
#   pre: false
#   features: []
#   all-features: false
#   with-sources: false
#   generate-hashes: false
#   universal: false

-e file:.
aiofiles==25.1.0
    # via twitter-api-client
anyio==4.14.1
    # via httpx
beautifulsoup4==4.12.2
    # via tweeterpy
    # via xclienttransaction
certifi==2026.6.17
    # via curl-cffi
    # via httpcore
    # via httpx
    # via requests
cffi==2.0.0
    # via cryptography
    # via curl-cffi
charset-normalizer==3.4.7
    # via requests
cloudscraper==1.2.71
    # via pixivpy3
colorama==0.4.6
    # via tqdm
coverage==7.14.3
    # via media-gathering
cryptography==49.0.0
    # via media-gathering
curl-cffi==0.13.0
    # via tweeterpy
demjson3==3.0.6
    # via tweeterpy
emoji==2.15.0
    # via media-gathering
freezegun==1.5.5
    # via media-gathering
greenlet==3.5.3
    # via sqlalchemy
h11==0.16.0
    # via httpcore
httpcore==1.0.9
    # via httpx
httpx==0.28.1
    # via media-gathering
    # via twitter-api-client
idna==3.18
    # via anyio
    # via httpx
    # via requests
isort==8.0.1
    # via media-gathering
jinja2==3.1.6
    # via media-gathering
lxml==5.2.2
    # via tweeterpy
m3u8==6.0.0
    # via twitter-api-client
markupsafe==3.0.3
    # via jinja2
mock==5.2.0
    # via media-gathering
nest-asyncio==1.6.0
    # via twitter-api-client
orjson==3.11.9
    # via media-gathering
    # via twitter-api-client
pillow==12.2.0
    # via media-gathering
pixivpy3==3.7.5
    # via media-gathering
plyer==2.1.0
    # via media-gathering
pycodestyle==2.14.0
    # via media-gathering
pycparser==3.0
    # via cffi
pyotp==2.9.0
    # via tweeterpy
pyparsing==3.3.2
    # via cloudscraper
python-dateutil==2.9.0.post0
    # via freezegun
requests==2.34.2
    # via cloudscraper
    # via pixivpy3
    # via requests-toolbelt
requests-toolbelt==1.0.0
    # via cloudscraper
    # via pixivpy3
ruff==0.15.20
    # via media-gathering
six==1.17.0
    # via python-dateutil
slack-sdk==3.42.0
    # via media-gathering
soupsieve==2.8.4
    # via beautifulsoup4
sqlalchemy==2.0.51
    # via media-gathering
tqdm==4.68.3
    # via twitter-api-client
tweeterpy==2.0.17
    # via media-gathering
twitter-api-client==0.10.22
    # via media-gathering
typing-extensions==4.15.0
    # via anyio
    # via pixivpy3
    # via sqlalchemy
urllib3==2.7.0
    # via pixivpy3
    # via requests
websockets==16.0
    # via twitter-api-client
xclienttransaction==1.0.3
    # via tweeterpy
xmltodict==1.0.4
    # via media-gathering
